
Microsoft Visual Studio Solution File, Format Version 12.00
# Visual Studio 15
VisualStudioVersion = 15.0.27428.2005
MinimumVisualStudioVersion = 10.0.40219.1
Project("{FAE04EC0-301F-11D3-BF4B-00C04F79EFBC}") = "conversor-temperatura", "conversor-temperatura\conversor-temperatura.csproj", "{F64092CA-25DF-4ED2-AEE3-B3B748567384}"
EndProject
Project("{E53339B2-1760-4266-BCC7-CA923CBCF16C}") = "docker-compose", "docker-compose.dcproj", "{2E23B74F-B7DC-4D03-BC9B-F71DC588F3D7}"
EndProject
Global
	GlobalSection(SolutionConfigurationPlatforms) = preSolution
		Debug|Any CPU = Debug|Any CPU
		Release|Any CPU = Release|Any CPU
	EndGlobalSection
	GlobalSection(ProjectConfigurationPlatforms) = postSolution
		{F64092CA-25DF-4ED2-AEE3-B3B748567384}.Debug|Any CPU.ActiveCfg = Debug|Any CPU
		{F64092CA-25DF-4ED2-AEE3-B3B748567384}.Debug|Any CPU.Build.0 = Debug|Any CPU
		{F64092CA-25DF-4ED2-AEE3-B3B748567384}.Release|Any CPU.ActiveCfg = Release|Any CPU
		{F64092CA-25DF-4ED2-AEE3-B3B748567384}.Release|Any CPU.Build.0 = Release|Any CPU
		{2E23B74F-B7DC-4D03-BC9B-F71DC588F3D7}.Debug|Any CPU.ActiveCfg = Debug|Any CPU
		{2E23B74F-B7DC-4D03-BC9B-F71DC588F3D7}.Debug|Any CPU.Build.0 = Debug|Any CPU
		{2E23B74F-B7DC-4D03-BC9B-F71DC588F3D7}.Release|Any CPU.ActiveCfg = Release|Any CPU
		{2E23B74F-B7DC-4D03-BC9B-F71DC588F3D7}.Release|Any CPU.Build.0 = Release|Any CPU
	EndGlobalSection
	GlobalSection(SolutionProperties) = preSolution
		HideSolutionNode = FALSE
	EndGlobalSection
	GlobalSection(ExtensibilityGlobals) = postSolution
		SolutionGuid = {C9B5F849-39BF-4873-AA3A-40F674637D2B}
	EndGlobalSection
EndGlobal
